
Microsoft Visual Studio Solution File, Format Version 12.00
# Visual Studio Version 16
VisualStudioVersion = 16.0.29509.3
MinimumVisualStudioVersion = 10.0.40219.1
Project("{FAE04EC0-301F-11D3-BF4B-00C04F79EFBC}") = "Utils", "Logger\Utils.csproj", "{CEDC3029-A30F-46D9-9738-98F6114EA896}"
EndProject
Project("{FAE04EC0-301F-11D3-BF4B-00C04F79EFBC}") = "UiWpf", "UiWpf\UiWpf.csproj", "{CE023760-BE3E-4EF2-A963-0F474D17703A}"
EndProject
Project("{FAE04EC0-301F-11D3-BF4B-00C04F79EFBC}") = "UiConsole", "UiConsole\UiConsole.csproj", "{8C52BEF8-2120-4CF3-8D95-2505F242CE34}"
EndProject
Project("{FAE04EC0-301F-11D3-BF4B-00C04F79EFBC}") = "ProfileManager", "SteamProfileManager\ProfileManager.csproj", "{E2EDF30E-8041-4C61-B499-B251E6054A64}"
EndProject
Project("{FAE04EC0-301F-11D3-BF4B-00C04F79EFBC}") = "SPEAR", "UiForms\SPEAR.csproj", "{65E98D10-6D55-4FC0-BB2B-87B52C6BABDE}"
EndProject
Project("{FAE04EC0-301F-11D3-BF4B-00C04F79EFBC}") = "UnityTests", "UnityTests\UnityTests.csproj", "{DB3EEC6D-B379-49EE-94BD-872286AD15AA}"
EndProject
Project("{FAE04EC0-301F-11D3-BF4B-00C04F79EFBC}") = "ProfileManagerBL", "ProfileManagerBL\ProfileManagerBL.csproj", "{F8EAEF56-A5C9-4163-94BA-3F0B702CC0FD}"
EndProject
Project("{2150E333-8FDC-42A3-9474-1A3956D46DE8}") = "Solution Items", "Solution Items", "{7B1DFD30-04FB-46E8-AB6B-0177BF894F8B}"
	ProjectSection(SolutionItems) = preProject
		README.md = README.md
	EndProjectSection
EndProject
Global
	GlobalSection(SolutionConfigurationPlatforms) = preSolution
		Debug|Any CPU = Debug|Any CPU
		Debug|ARM = Debug|ARM
		Debug|ARM64 = Debug|ARM64
		Debug|x64 = Debug|x64
		Debug|x86 = Debug|x86
		Release|Any CPU = Release|Any CPU
		Release|ARM = Release|ARM
		Release|ARM64 = Release|ARM64
		Release|x64 = Release|x64
		Release|x86 = Release|x86
	EndGlobalSection
	GlobalSection(ProjectConfigurationPlatforms) = postSolution
		{CEDC3029-A30F-46D9-9738-98F6114EA896}.Debug|Any CPU.ActiveCfg = Debug|Any CPU
		{CEDC3029-A30F-46D9-9738-98F6114EA896}.Debug|Any CPU.Build.0 = Debug|Any CPU
		{CEDC3029-A30F-46D9-9738-98F6114EA896}.Debug|ARM.ActiveCfg = Debug|Any CPU
		{CEDC3029-A30F-46D9-9738-98F6114EA896}.Debug|ARM.Build.0 = Debug|Any CPU
		{CEDC3029-A30F-46D9-9738-98F6114EA896}.Debug|ARM64.ActiveCfg = Debug|Any CPU
		{CEDC3029-A30F-46D9-9738-98F6114EA896}.Debug|ARM64.Build.0 = Debug|Any CPU
		{CEDC3029-A30F-46D9-9738-98F6114EA896}.Debug|x64.ActiveCfg = Debug|Any CPU
		{CEDC3029-A30F-46D9-9738-98F6114EA896}.Debug|x64.Build.0 = Debug|Any CPU
		{CEDC3029-A30F-46D9-9738-98F6114EA896}.Debug|x86.ActiveCfg = Debug|Any CPU
		{CEDC3029-A30F-46D9-9738-98F6114EA896}.Debug|x86.Build.0 = Debug|Any CPU
		{CEDC3029-A30F-46D9-9738-98F6114EA896}.Release|Any CPU.ActiveCfg = Release|Any CPU
		{CEDC3029-A30F-46D9-9738-98F6114EA896}.Release|Any CPU.Build.0 = Release|Any CPU
		{CEDC3029-A30F-46D9-9738-98F6114EA896}.Release|ARM.ActiveCfg = Release|Any CPU
		{CEDC3029-A30F-46D9-9738-98F6114EA896}.Release|ARM.Build.0 = Release|Any CPU
		{CEDC3029-A30F-46D9-9738-98F6114EA896}.Release|ARM64.ActiveCfg = Release|Any CPU
		{CEDC3029-A30F-46D9-9738-98F6114EA896}.Release|ARM64.Build.0 = Release|Any CPU
		{CEDC3029-A30F-46D9-9738-98F6114EA896}.Release|x64.ActiveCfg = Release|Any CPU
		{CEDC3029-A30F-46D9-9738-98F6114EA896}.Release|x64.Build.0 = Release|Any CPU
		{CEDC3029-A30F-46D9-9738-98F6114EA896}.Release|x86.ActiveCfg = Release|Any CPU
		{CEDC3029-A30F-46D9-9738-98F6114EA896}.Release|x86.Build.0 = Release|Any CPU
		{CE023760-BE3E-4EF2-A963-0F474D17703A}.Debug|Any CPU.ActiveCfg = Debug|Any CPU
		{CE023760-BE3E-4EF2-A963-0F474D17703A}.Debug|Any CPU.Build.0 = Debug|Any CPU
		{CE023760-BE3E-4EF2-A963-0F474D17703A}.Debug|ARM.ActiveCfg = Debug|Any CPU
		{CE023760-BE3E-4EF2-A963-0F474D17703A}.Debug|ARM.Build.0 = Debug|Any CPU
		{CE023760-BE3E-4EF2-A963-0F474D17703A}.Debug|ARM64.ActiveCfg = Debug|Any CPU
		{CE023760-BE3E-4EF2-A963-0F474D17703A}.Debug|ARM64.Build.0 = Debug|Any CPU
		{CE023760-BE3E-4EF2-A963-0F474D17703A}.Debug|x64.ActiveCfg = Debug|Any CPU
		{CE023760-BE3E-4EF2-A963-0F474D17703A}.Debug|x64.Build.0 = Debug|Any CPU
		{CE023760-BE3E-4EF2-A963-0F474D17703A}.Debug|x86.ActiveCfg = Debug|Any CPU
		{CE023760-BE3E-4EF2-A963-0F474D17703A}.Debug|x86.Build.0 = Debug|Any CPU
		{CE023760-BE3E-4EF2-A963-0F474D17703A}.Release|Any CPU.ActiveCfg = Release|Any CPU
		{CE023760-BE3E-4EF2-A963-0F474D17703A}.Release|Any CPU.Build.0 = Release|Any CPU
		{CE023760-BE3E-4EF2-A963-0F474D17703A}.Release|ARM.ActiveCfg = Release|Any CPU
		{CE023760-BE3E-4EF2-A963-0F474D17703A}.Release|ARM.Build.0 = Release|Any CPU
		{CE023760-BE3E-4EF2-A963-0F474D17703A}.Release|ARM64.ActiveCfg = Release|Any CPU
		{CE023760-BE3E-4EF2-A963-0F474D17703A}.Release|ARM64.Build.0 = Release|Any CPU
		{CE023760-BE3E-4EF2-A963-0F474D17703A}.Release|x64.ActiveCfg = Release|Any CPU
		{CE023760-BE3E-4EF2-A963-0F474D17703A}.Release|x64.Build.0 = Release|Any CPU
		{CE023760-BE3E-4EF2-A963-0F474D17703A}.Release|x86.ActiveCfg = Release|Any CPU
		{CE023760-BE3E-4EF2-A963-0F474D17703A}.Release|x86.Build.0 = Release|Any CPU
		{8C52BEF8-2120-4CF3-8D95-2505F242CE34}.Debug|Any CPU.ActiveCfg = Debug|Any CPU
		{8C52BEF8-2120-4CF3-8D95-2505F242CE34}.Debug|Any CPU.Build.0 = Debug|Any CPU
		{8C52BEF8-2120-4CF3-8D95-2505F242CE34}.Debug|ARM.ActiveCfg = Debug|Any CPU
		{8C52BEF8-2120-4CF3-8D95-2505F242CE34}.Debug|ARM.Build.0 = Debug|Any CPU
		{8C52BEF8-2120-4CF3-8D95-2505F242CE34}.Debug|ARM64.ActiveCfg = Debug|Any CPU
		{8C52BEF8-2120-4CF3-8D95-2505F242CE34}.Debug|ARM64.Build.0 = Debug|Any CPU
		{8C52BEF8-2120-4CF3-8D95-2505F242CE34}.Debug|x64.ActiveCfg = Debug|Any CPU
		{8C52BEF8-2120-4CF3-8D95-2505F242CE34}.Debug|x64.Build.0 = Debug|Any CPU
		{8C52BEF8-2120-4CF3-8D95-2505F242CE34}.Debug|x86.ActiveCfg = Debug|Any CPU
		{8C52BEF8-2120-4CF3-8D95-2505F242CE34}.Debug|x86.Build.0 = Debug|Any CPU
		{8C52BEF8-2120-4CF3-8D95-2505F242CE34}.Release|Any CPU.ActiveCfg = Release|Any CPU
		{8C52BEF8-2120-4CF3-8D95-2505F242CE34}.Release|Any CPU.Build.0 = Release|Any CPU
		{8C52BEF8-2120-4CF3-8D95-2505F242CE34}.Release|ARM.ActiveCfg = Release|Any CPU
		{8C52BEF8-2120-4CF3-8D95-2505F242CE34}.Release|ARM.Build.0 = Release|Any CPU
		{8C52BEF8-2120-4CF3-8D95-2505F242CE34}.Release|ARM64.ActiveCfg = Release|Any CPU
		{8C52BEF8-2120-4CF3-8D95-2505F242CE34}.Release|ARM64.Build.0 = Release|Any CPU
		{8C52BEF8-2120-4CF3-8D95-2505F242CE34}.Release|x64.ActiveCfg = Release|Any CPU
		{8C52BEF8-2120-4CF3-8D95-2505F242CE34}.Release|x64.Build.0 = Release|Any CPU
		{8C52BEF8-2120-4CF3-8D95-2505F242CE34}.Release|x86.ActiveCfg = Release|Any CPU
		{8C52BEF8-2120-4CF3-8D95-2505F242CE34}.Release|x86.Build.0 = Release|Any CPU
		{E2EDF30E-8041-4C61-B499-B251E6054A64}.Debug|Any CPU.ActiveCfg = Debug|Any CPU
		{E2EDF30E-8041-4C61-B499-B251E6054A64}.Debug|Any CPU.Build.0 = Debug|Any CPU
		{E2EDF30E-8041-4C61-B499-B251E6054A64}.Debug|ARM.ActiveCfg = Debug|Any CPU
		{E2EDF30E-8041-4C61-B499-B251E6054A64}.Debug|ARM.Build.0 = Debug|Any CPU
		{E2EDF30E-8041-4C61-B499-B251E6054A64}.Debug|ARM64.ActiveCfg = Debug|Any CPU
		{E2EDF30E-8041-4C61-B499-B251E6054A64}.Debug|ARM64.Build.0 = Debug|Any CPU
		{E2EDF30E-8041-4C61-B499-B251E6054A64}.Debug|x64.ActiveCfg = Debug|Any CPU
		{E2EDF30E-8041-4C61-B499-B251E6054A64}.Debug|x64.Build.0 = Debug|Any CPU
		{E2EDF30E-8041-4C61-B499-B251E6054A64}.Debug|x86.ActiveCfg = Debug|Any CPU
		{E2EDF30E-8041-4C61-B499-B251E6054A64}.Debug|x86.Build.0 = Debug|Any CPU
		{E2EDF30E-8041-4C61-B499-B251E6054A64}.Release|Any CPU.ActiveCfg = Release|Any CPU
		{E2EDF30E-8041-4C61-B499-B251E6054A64}.Release|Any CPU.Build.0 = Release|Any CPU
		{E2EDF30E-8041-4C61-B499-B251E6054A64}.Release|ARM.ActiveCfg = Release|Any CPU
		{E2EDF30E-8041-4C61-B499-B251E6054A64}.Release|ARM.Build.0 = Release|Any CPU
		{E2EDF30E-8041-4C61-B499-B251E6054A64}.Release|ARM64.ActiveCfg = Release|Any CPU
		{E2EDF30E-8041-4C61-B499-B251E6054A64}.Release|ARM64.Build.0 = Release|Any CPU
		{E2EDF30E-8041-4C61-B499-B251E6054A64}.Release|x64.ActiveCfg = Release|Any CPU
		{E2EDF30E-8041-4C61-B499-B251E6054A64}.Release|x64.Build.0 = Release|Any CPU
		{E2EDF30E-8041-4C61-B499-B251E6054A64}.Release|x86.ActiveCfg = Release|Any CPU
		{E2EDF30E-8041-4C61-B499-B251E6054A64}.Release|x86.Build.0 = Release|Any CPU
		{65E98D10-6D55-4FC0-BB2B-87B52C6BABDE}.Debug|Any CPU.ActiveCfg = Debug|Any CPU
		{65E98D10-6D55-4FC0-BB2B-87B52C6BABDE}.Debug|Any CPU.Build.0 = Debug|Any CPU
		{65E98D10-6D55-4FC0-BB2B-87B52C6BABDE}.Debug|ARM.ActiveCfg = Debug|Any CPU
		{65E98D10-6D55-4FC0-BB2B-87B52C6BABDE}.Debug|ARM.Build.0 = Debug|Any CPU
		{65E98D10-6D55-4FC0-BB2B-87B52C6BABDE}.Debug|ARM64.ActiveCfg = Debug|Any CPU
		{65E98D10-6D55-4FC0-BB2B-87B52C6BABDE}.Debug|ARM64.Build.0 = Debug|Any CPU
		{65E98D10-6D55-4FC0-BB2B-87B52C6BABDE}.Debug|x64.ActiveCfg = Debug|Any CPU
		{65E98D10-6D55-4FC0-BB2B-87B52C6BABDE}.Debug|x64.Build.0 = Debug|Any CPU
		{65E98D10-6D55-4FC0-BB2B-87B52C6BABDE}.Debug|x86.ActiveCfg = Debug|Any CPU
		{65E98D10-6D55-4FC0-BB2B-87B52C6BABDE}.Debug|x86.Build.0 = Debug|Any CPU
		{65E98D10-6D55-4FC0-BB2B-87B52C6BABDE}.Release|Any CPU.ActiveCfg = Release|Any CPU
		{65E98D10-6D55-4FC0-BB2B-87B52C6BABDE}.Release|Any CPU.Build.0 = Release|Any CPU
		{65E98D10-6D55-4FC0-BB2B-87B52C6BABDE}.Release|ARM.ActiveCfg = Release|Any CPU
		{65E98D10-6D55-4FC0-BB2B-87B52C6BABDE}.Release|ARM.Build.0 = Release|Any CPU
		{65E98D10-6D55-4FC0-BB2B-87B52C6BABDE}.Release|ARM64.ActiveCfg = Release|Any CPU
		{65E98D10-6D55-4FC0-BB2B-87B52C6BABDE}.Release|ARM64.Build.0 = Release|Any CPU
		{65E98D10-6D55-4FC0-BB2B-87B52C6BABDE}.Release|x64.ActiveCfg = Release|Any CPU
		{65E98D10-6D55-4FC0-BB2B-87B52C6BABDE}.Release|x64.Build.0 = Release|Any CPU
		{65E98D10-6D55-4FC0-BB2B-87B52C6BABDE}.Release|x86.ActiveCfg = Release|Any CPU
		{65E98D10-6D55-4FC0-BB2B-87B52C6BABDE}.Release|x86.Build.0 = Release|Any CPU
		{DB3EEC6D-B379-49EE-94BD-872286AD15AA}.Debug|Any CPU.ActiveCfg = Debug|Any CPU
		{DB3EEC6D-B379-49EE-94BD-872286AD15AA}.Debug|Any CPU.Build.0 = Debug|Any CPU
		{DB3EEC6D-B379-49EE-94BD-872286AD15AA}.Debug|ARM.ActiveCfg = Debug|Any CPU
		{DB3EEC6D-B379-49EE-94BD-872286AD15AA}.Debug|ARM.Build.0 = Debug|Any CPU
		{DB3EEC6D-B379-49EE-94BD-872286AD15AA}.Debug|ARM64.ActiveCfg = Debug|Any CPU
		{DB3EEC6D-B379-49EE-94BD-872286AD15AA}.Debug|ARM64.Build.0 = Debug|Any CPU
		{DB3EEC6D-B379-49EE-94BD-872286AD15AA}.Debug|x64.ActiveCfg = Debug|Any CPU
		{DB3EEC6D-B379-49EE-94BD-872286AD15AA}.Debug|x64.Build.0 = Debug|Any CPU
		{DB3EEC6D-B379-49EE-94BD-872286AD15AA}.Debug|x86.ActiveCfg = Debug|Any CPU
		{DB3EEC6D-B379-49EE-94BD-872286AD15AA}.Debug|x86.Build.0 = Debug|Any CPU
		{DB3EEC6D-B379-49EE-94BD-872286AD15AA}.Release|Any CPU.ActiveCfg = Release|Any CPU
		{DB3EEC6D-B379-49EE-94BD-872286AD15AA}.Release|Any CPU.Build.0 = Release|Any CPU
		{DB3EEC6D-B379-49EE-94BD-872286AD15AA}.Release|ARM.ActiveCfg = Release|Any CPU
		{DB3EEC6D-B379-49EE-94BD-872286AD15AA}.Release|ARM.Build.0 = Release|Any CPU
		{DB3EEC6D-B379-49EE-94BD-872286AD15AA}.Release|ARM64.ActiveCfg = Release|Any CPU
		{DB3EEC6D-B379-49EE-94BD-872286AD15AA}.Release|ARM64.Build.0 = Release|Any CPU
		{DB3EEC6D-B379-49EE-94BD-872286AD15AA}.Release|x64.ActiveCfg = Release|Any CPU
		{DB3EEC6D-B379-49EE-94BD-872286AD15AA}.Release|x64.Build.0 = Release|Any CPU
		{DB3EEC6D-B379-49EE-94BD-872286AD15AA}.Release|x86.ActiveCfg = Release|Any CPU
		{DB3EEC6D-B379-49EE-94BD-872286AD15AA}.Release|x86.Build.0 = Release|Any CPU
		{F8EAEF56-A5C9-4163-94BA-3F0B702CC0FD}.Debug|Any CPU.ActiveCfg = Debug|Any CPU
		{F8EAEF56-A5C9-4163-94BA-3F0B702CC0FD}.Debug|Any CPU.Build.0 = Debug|Any CPU
		{F8EAEF56-A5C9-4163-94BA-3F0B702CC0FD}.Debug|ARM.ActiveCfg = Debug|Any CPU
		{F8EAEF56-A5C9-4163-94BA-3F0B702CC0FD}.Debug|ARM.Build.0 = Debug|Any CPU
		{F8EAEF56-A5C9-4163-94BA-3F0B702CC0FD}.Debug|ARM64.ActiveCfg = Debug|Any CPU
		{F8EAEF56-A5C9-4163-94BA-3F0B702CC0FD}.Debug|ARM64.Build.0 = Debug|Any CPU
		{F8EAEF56-A5C9-4163-94BA-3F0B702CC0FD}.Debug|x64.ActiveCfg = Debug|Any CPU
		{F8EAEF56-A5C9-4163-94BA-3F0B702CC0FD}.Debug|x64.Build.0 = Debug|Any CPU
		{F8EAEF56-A5C9-4163-94BA-3F0B702CC0FD}.Debug|x86.ActiveCfg = Debug|Any CPU
		{F8EAEF56-A5C9-4163-94BA-3F0B702CC0FD}.Debug|x86.Build.0 = Debug|Any CPU
		{F8EAEF56-A5C9-4163-94BA-3F0B702CC0FD}.Release|Any CPU.ActiveCfg = Release|Any CPU
		{F8EAEF56-A5C9-4163-94BA-3F0B702CC0FD}.Release|Any CPU.Build.0 = Release|Any CPU
		{F8EAEF56-A5C9-4163-94BA-3F0B702CC0FD}.Release|ARM.ActiveCfg = Release|Any CPU
		{F8EAEF56-A5C9-4163-94BA-3F0B702CC0FD}.Release|ARM.Build.0 = Release|Any CPU
		{F8EAEF56-A5C9-4163-94BA-3F0B702CC0FD}.Release|ARM64.ActiveCfg = Release|Any CPU
		{F8EAEF56-A5C9-4163-94BA-3F0B702CC0FD}.Release|ARM64.Build.0 = Release|Any CPU
		{F8EAEF56-A5C9-4163-94BA-3F0B702CC0FD}.Release|x64.ActiveCfg = Release|Any CPU
		{F8EAEF56-A5C9-4163-94BA-3F0B702CC0FD}.Release|x64.Build.0 = Release|Any CPU
		{F8EAEF56-A5C9-4163-94BA-3F0B702CC0FD}.Release|x86.ActiveCfg = Release|Any CPU
		{F8EAEF56-A5C9-4163-94BA-3F0B702CC0FD}.Release|x86.Build.0 = Release|Any CPU
	EndGlobalSection
	GlobalSection(SolutionProperties) = preSolution
		HideSolutionNode = FALSE
	EndGlobalSection
	GlobalSection(ExtensibilityGlobals) = postSolution
		SolutionGuid = {598A9D96-2728-444F-BEF2-3A181875F34B}
	EndGlobalSection
EndGlobal
