
Microsoft Visual Studio Solution File, Format Version 12.00
# Visual Studio Version 16
VisualStudioVersion = 16.0.29509.3
MinimumVisualStudioVersion = 10.0.40219.1
Project("{FAE04EC0-301F-11D3-BF4B-00C04F79EFBC}") = "UnityTests", "Tester\UnityTests.csproj", "{DB3EEC6D-B379-49EE-94BD-872286AD15AA}"
EndProject
Project("{FAE04EC0-301F-11D3-BF4B-00C04F79EFBC}") = "Logger", "Logger\Logger.csproj", "{CEDC3029-A30F-46D9-9738-98F6114EA896}"
EndProject
Project("{FAE04EC0-301F-11D3-BF4B-00C04F79EFBC}") = "SkyrimSteamProfileManager", "SkyrimSteamProfileManager\SkyrimSteamProfileManager.csproj", "{E2EDF30E-8041-4C61-B499-B251E6054A64}"
EndProject
Project("{FAE04EC0-301F-11D3-BF4B-00C04F79EFBC}") = "SSPErrors", "SSPErrors\SSPErrors.csproj", "{730E1BFD-DA2F-4ADD-B9E5-6173D5E1BCAF}"
EndProject
Project("{FAE04EC0-301F-11D3-BF4B-00C04F79EFBC}") = "UiWpf", "UiWpf\UiWpf.csproj", "{CE023760-BE3E-4EF2-A963-0F474D17703A}"
EndProject
Global
	GlobalSection(SolutionConfigurationPlatforms) = preSolution
		Debug|Any CPU = Debug|Any CPU
		Debug|ARM = Debug|ARM
		Debug|ARM64 = Debug|ARM64
		Debug|x64 = Debug|x64
		Debug|x86 = Debug|x86
		Release|Any CPU = Release|Any CPU
		Release|ARM = Release|ARM
		Release|ARM64 = Release|ARM64
		Release|x64 = Release|x64
		Release|x86 = Release|x86
	EndGlobalSection
	GlobalSection(ProjectConfigurationPlatforms) = postSolution
		{DB3EEC6D-B379-49EE-94BD-872286AD15AA}.Debug|Any CPU.ActiveCfg = Debug|Any CPU
		{DB3EEC6D-B379-49EE-94BD-872286AD15AA}.Debug|Any CPU.Build.0 = Debug|Any CPU
		{DB3EEC6D-B379-49EE-94BD-872286AD15AA}.Debug|ARM.ActiveCfg = Debug|Any CPU
		{DB3EEC6D-B379-49EE-94BD-872286AD15AA}.Debug|ARM.Build.0 = Debug|Any CPU
		{DB3EEC6D-B379-49EE-94BD-872286AD15AA}.Debug|ARM64.ActiveCfg = Debug|Any CPU
		{DB3EEC6D-B379-49EE-94BD-872286AD15AA}.Debug|ARM64.Build.0 = Debug|Any CPU
		{DB3EEC6D-B379-49EE-94BD-872286AD15AA}.Debug|x64.ActiveCfg = Debug|Any CPU
		{DB3EEC6D-B379-49EE-94BD-872286AD15AA}.Debug|x64.Build.0 = Debug|Any CPU
		{DB3EEC6D-B379-49EE-94BD-872286AD15AA}.Debug|x86.ActiveCfg = Debug|Any CPU
		{DB3EEC6D-B379-49EE-94BD-872286AD15AA}.Debug|x86.Build.0 = Debug|Any CPU
		{DB3EEC6D-B379-49EE-94BD-872286AD15AA}.Release|Any CPU.ActiveCfg = Release|Any CPU
		{DB3EEC6D-B379-49EE-94BD-872286AD15AA}.Release|Any CPU.Build.0 = Release|Any CPU
		{DB3EEC6D-B379-49EE-94BD-872286AD15AA}.Release|ARM.ActiveCfg = Release|Any CPU
		{DB3EEC6D-B379-49EE-94BD-872286AD15AA}.Release|ARM.Build.0 = Release|Any CPU
		{DB3EEC6D-B379-49EE-94BD-872286AD15AA}.Release|ARM64.ActiveCfg = Release|Any CPU
		{DB3EEC6D-B379-49EE-94BD-872286AD15AA}.Release|ARM64.Build.0 = Release|Any CPU
		{DB3EEC6D-B379-49EE-94BD-872286AD15AA}.Release|x64.ActiveCfg = Release|Any CPU
		{DB3EEC6D-B379-49EE-94BD-872286AD15AA}.Release|x64.Build.0 = Release|Any CPU
		{DB3EEC6D-B379-49EE-94BD-872286AD15AA}.Release|x86.ActiveCfg = Release|Any CPU
		{DB3EEC6D-B379-49EE-94BD-872286AD15AA}.Release|x86.Build.0 = Release|Any CPU
		{CEDC3029-A30F-46D9-9738-98F6114EA896}.Debug|Any CPU.ActiveCfg = Debug|Any CPU
		{CEDC3029-A30F-46D9-9738-98F6114EA896}.Debug|Any CPU.Build.0 = Debug|Any CPU
		{CEDC3029-A30F-46D9-9738-98F6114EA896}.Debug|ARM.ActiveCfg = Debug|Any CPU
		{CEDC3029-A30F-46D9-9738-98F6114EA896}.Debug|ARM.Build.0 = Debug|Any CPU
		{CEDC3029-A30F-46D9-9738-98F6114EA896}.Debug|ARM64.ActiveCfg = Debug|Any CPU
		{CEDC3029-A30F-46D9-9738-98F6114EA896}.Debug|ARM64.Build.0 = Debug|Any CPU
		{CEDC3029-A30F-46D9-9738-98F6114EA896}.Debug|x64.ActiveCfg = Debug|Any CPU
		{CEDC3029-A30F-46D9-9738-98F6114EA896}.Debug|x64.Build.0 = Debug|Any CPU
		{CEDC3029-A30F-46D9-9738-98F6114EA896}.Debug|x86.ActiveCfg = Debug|Any CPU
		{CEDC3029-A30F-46D9-9738-98F6114EA896}.Debug|x86.Build.0 = Debug|Any CPU
		{CEDC3029-A30F-46D9-9738-98F6114EA896}.Release|Any CPU.ActiveCfg = Release|Any CPU
		{CEDC3029-A30F-46D9-9738-98F6114EA896}.Release|Any CPU.Build.0 = Release|Any CPU
		{CEDC3029-A30F-46D9-9738-98F6114EA896}.Release|ARM.ActiveCfg = Release|Any CPU
		{CEDC3029-A30F-46D9-9738-98F6114EA896}.Release|ARM.Build.0 = Release|Any CPU
		{CEDC3029-A30F-46D9-9738-98F6114EA896}.Release|ARM64.ActiveCfg = Release|Any CPU
		{CEDC3029-A30F-46D9-9738-98F6114EA896}.Release|ARM64.Build.0 = Release|Any CPU
		{CEDC3029-A30F-46D9-9738-98F6114EA896}.Release|x64.ActiveCfg = Release|Any CPU
		{CEDC3029-A30F-46D9-9738-98F6114EA896}.Release|x64.Build.0 = Release|Any CPU
		{CEDC3029-A30F-46D9-9738-98F6114EA896}.Release|x86.ActiveCfg = Release|Any CPU
		{CEDC3029-A30F-46D9-9738-98F6114EA896}.Release|x86.Build.0 = Release|Any CPU
		{E2EDF30E-8041-4C61-B499-B251E6054A64}.Debug|Any CPU.ActiveCfg = Debug|Any CPU
		{E2EDF30E-8041-4C61-B499-B251E6054A64}.Debug|Any CPU.Build.0 = Debug|Any CPU
		{E2EDF30E-8041-4C61-B499-B251E6054A64}.Debug|ARM.ActiveCfg = Debug|Any CPU
		{E2EDF30E-8041-4C61-B499-B251E6054A64}.Debug|ARM.Build.0 = Debug|Any CPU
		{E2EDF30E-8041-4C61-B499-B251E6054A64}.Debug|ARM64.ActiveCfg = Debug|Any CPU
		{E2EDF30E-8041-4C61-B499-B251E6054A64}.Debug|ARM64.Build.0 = Debug|Any CPU
		{E2EDF30E-8041-4C61-B499-B251E6054A64}.Debug|x64.ActiveCfg = Debug|Any CPU
		{E2EDF30E-8041-4C61-B499-B251E6054A64}.Debug|x64.Build.0 = Debug|Any CPU
		{E2EDF30E-8041-4C61-B499-B251E6054A64}.Debug|x86.ActiveCfg = Debug|Any CPU
		{E2EDF30E-8041-4C61-B499-B251E6054A64}.Debug|x86.Build.0 = Debug|Any CPU
		{E2EDF30E-8041-4C61-B499-B251E6054A64}.Release|Any CPU.ActiveCfg = Release|Any CPU
		{E2EDF30E-8041-4C61-B499-B251E6054A64}.Release|Any CPU.Build.0 = Release|Any CPU
		{E2EDF30E-8041-4C61-B499-B251E6054A64}.Release|ARM.ActiveCfg = Release|Any CPU
		{E2EDF30E-8041-4C61-B499-B251E6054A64}.Release|ARM.Build.0 = Release|Any CPU
		{E2EDF30E-8041-4C61-B499-B251E6054A64}.Release|ARM64.ActiveCfg = Release|Any CPU
		{E2EDF30E-8041-4C61-B499-B251E6054A64}.Release|ARM64.Build.0 = Release|Any CPU
		{E2EDF30E-8041-4C61-B499-B251E6054A64}.Release|x64.ActiveCfg = Release|Any CPU
		{E2EDF30E-8041-4C61-B499-B251E6054A64}.Release|x64.Build.0 = Release|Any CPU
		{E2EDF30E-8041-4C61-B499-B251E6054A64}.Release|x86.ActiveCfg = Release|Any CPU
		{E2EDF30E-8041-4C61-B499-B251E6054A64}.Release|x86.Build.0 = Release|Any CPU
		{730E1BFD-DA2F-4ADD-B9E5-6173D5E1BCAF}.Debug|Any CPU.ActiveCfg = Debug|Any CPU
		{730E1BFD-DA2F-4ADD-B9E5-6173D5E1BCAF}.Debug|Any CPU.Build.0 = Debug|Any CPU
		{730E1BFD-DA2F-4ADD-B9E5-6173D5E1BCAF}.Debug|ARM.ActiveCfg = Debug|Any CPU
		{730E1BFD-DA2F-4ADD-B9E5-6173D5E1BCAF}.Debug|ARM.Build.0 = Debug|Any CPU
		{730E1BFD-DA2F-4ADD-B9E5-6173D5E1BCAF}.Debug|ARM64.ActiveCfg = Debug|Any CPU
		{730E1BFD-DA2F-4ADD-B9E5-6173D5E1BCAF}.Debug|ARM64.Build.0 = Debug|Any CPU
		{730E1BFD-DA2F-4ADD-B9E5-6173D5E1BCAF}.Debug|x64.ActiveCfg = Debug|Any CPU
		{730E1BFD-DA2F-4ADD-B9E5-6173D5E1BCAF}.Debug|x64.Build.0 = Debug|Any CPU
		{730E1BFD-DA2F-4ADD-B9E5-6173D5E1BCAF}.Debug|x86.ActiveCfg = Debug|Any CPU
		{730E1BFD-DA2F-4ADD-B9E5-6173D5E1BCAF}.Debug|x86.Build.0 = Debug|Any CPU
		{730E1BFD-DA2F-4ADD-B9E5-6173D5E1BCAF}.Release|Any CPU.ActiveCfg = Release|Any CPU
		{730E1BFD-DA2F-4ADD-B9E5-6173D5E1BCAF}.Release|Any CPU.Build.0 = Release|Any CPU
		{730E1BFD-DA2F-4ADD-B9E5-6173D5E1BCAF}.Release|ARM.ActiveCfg = Release|Any CPU
		{730E1BFD-DA2F-4ADD-B9E5-6173D5E1BCAF}.Release|ARM.Build.0 = Release|Any CPU
		{730E1BFD-DA2F-4ADD-B9E5-6173D5E1BCAF}.Release|ARM64.ActiveCfg = Release|Any CPU
		{730E1BFD-DA2F-4ADD-B9E5-6173D5E1BCAF}.Release|ARM64.Build.0 = Release|Any CPU
		{730E1BFD-DA2F-4ADD-B9E5-6173D5E1BCAF}.Release|x64.ActiveCfg = Release|Any CPU
		{730E1BFD-DA2F-4ADD-B9E5-6173D5E1BCAF}.Release|x64.Build.0 = Release|Any CPU
		{730E1BFD-DA2F-4ADD-B9E5-6173D5E1BCAF}.Release|x86.ActiveCfg = Release|Any CPU
		{730E1BFD-DA2F-4ADD-B9E5-6173D5E1BCAF}.Release|x86.Build.0 = Release|Any CPU
		{CE023760-BE3E-4EF2-A963-0F474D17703A}.Debug|Any CPU.ActiveCfg = Debug|Any CPU
		{CE023760-BE3E-4EF2-A963-0F474D17703A}.Debug|Any CPU.Build.0 = Debug|Any CPU
		{CE023760-BE3E-4EF2-A963-0F474D17703A}.Debug|ARM.ActiveCfg = Debug|Any CPU
		{CE023760-BE3E-4EF2-A963-0F474D17703A}.Debug|ARM.Build.0 = Debug|Any CPU
		{CE023760-BE3E-4EF2-A963-0F474D17703A}.Debug|ARM64.ActiveCfg = Debug|Any CPU
		{CE023760-BE3E-4EF2-A963-0F474D17703A}.Debug|ARM64.Build.0 = Debug|Any CPU
		{CE023760-BE3E-4EF2-A963-0F474D17703A}.Debug|x64.ActiveCfg = Debug|Any CPU
		{CE023760-BE3E-4EF2-A963-0F474D17703A}.Debug|x64.Build.0 = Debug|Any CPU
		{CE023760-BE3E-4EF2-A963-0F474D17703A}.Debug|x86.ActiveCfg = Debug|Any CPU
		{CE023760-BE3E-4EF2-A963-0F474D17703A}.Debug|x86.Build.0 = Debug|Any CPU
		{CE023760-BE3E-4EF2-A963-0F474D17703A}.Release|Any CPU.ActiveCfg = Release|Any CPU
		{CE023760-BE3E-4EF2-A963-0F474D17703A}.Release|Any CPU.Build.0 = Release|Any CPU
		{CE023760-BE3E-4EF2-A963-0F474D17703A}.Release|ARM.ActiveCfg = Release|Any CPU
		{CE023760-BE3E-4EF2-A963-0F474D17703A}.Release|ARM.Build.0 = Release|Any CPU
		{CE023760-BE3E-4EF2-A963-0F474D17703A}.Release|ARM64.ActiveCfg = Release|Any CPU
		{CE023760-BE3E-4EF2-A963-0F474D17703A}.Release|ARM64.Build.0 = Release|Any CPU
		{CE023760-BE3E-4EF2-A963-0F474D17703A}.Release|x64.ActiveCfg = Release|Any CPU
		{CE023760-BE3E-4EF2-A963-0F474D17703A}.Release|x64.Build.0 = Release|Any CPU
		{CE023760-BE3E-4EF2-A963-0F474D17703A}.Release|x86.ActiveCfg = Release|Any CPU
		{CE023760-BE3E-4EF2-A963-0F474D17703A}.Release|x86.Build.0 = Release|Any CPU
	EndGlobalSection
	GlobalSection(SolutionProperties) = preSolution
		HideSolutionNode = FALSE
	EndGlobalSection
	GlobalSection(ExtensibilityGlobals) = postSolution
		SolutionGuid = {598A9D96-2728-444F-BEF2-3A181875F34B}
	EndGlobalSection
EndGlobal
